
Microsoft Visual Studio Solution File, Format Version 12.00
# Visual Studio 15
VisualStudioVersion = 15.0.28307.271
MinimumVisualStudioVersion = 10.0.40219.1
Project("{2150E333-8FDC-42A3-9474-1A3956D46DE8}") = "Tests", "Tests", "{6AF8FDBD-D32D-4DBD-ABA4-E113AB2614ED}"
EndProject
Project("{9A19103F-16F7-4668-BE54-9A1E7A4F7556}") = "Waes.Assignment.Domain", "Waes.Assignment.Domain\Waes.Assignment.Domain.csproj", "{6D4AF97F-06D0-45CC-AD4A-90936B34FAA5}"
EndProject
Project("{9A19103F-16F7-4668-BE54-9A1E7A4F7556}") = "Waes.Assignment.Api", "Waes.Assignment.Api\Waes.Assignment.Api.csproj", "{4F4C5D6C-8899-4FF4-B268-E49CEB43F342}"
EndProject
Project("{2150E333-8FDC-42A3-9474-1A3956D46DE8}") = "1 - API", "1 - API", "{1FF5CC0D-92F2-447F-9A5A-6B5F1E3C0779}"
EndProject
Project("{2150E333-8FDC-42A3-9474-1A3956D46DE8}") = "2 - Application Services", "2 - Application Services", "{091BF8C8-E0EC-4F3E-9231-67B136D4942D}"
EndProject
Project("{2150E333-8FDC-42A3-9474-1A3956D46DE8}") = "3 - Domain", "3 - Domain", "{17456211-1CC2-4A94-BA29-ED721FF1C0CC}"
EndProject
Project("{2150E333-8FDC-42A3-9474-1A3956D46DE8}") = "4 - Infrastructure", "4 - Infrastructure", "{B01902B2-03E3-4D8B-8E8A-61B0F3066B72}"
EndProject
Project("{9A19103F-16F7-4668-BE54-9A1E7A4F7556}") = "Waes.Assignment.Application", "Waes.Assignment.Application\Waes.Assignment.Application.csproj", "{FC8E179C-ED72-481C-A386-E624518C1D6A}"
EndProject
Project("{9A19103F-16F7-4668-BE54-9A1E7A4F7556}") = "Waes.Assignment.IntegrationTests", "Waes.Assignment.IntegrationTests\Waes.Assignment.IntegrationTests.csproj", "{3821491F-9C07-4ED2-88FE-C06CBED5F8E3}"
EndProject
Project("{9A19103F-16F7-4668-BE54-9A1E7A4F7556}") = "Waes.Assignment.UnitTests", "Waes.Assignment.UnitTests\Waes.Assignment.UnitTests.csproj", "{51CEE777-B31A-4603-BA4E-FFA7DCD8E8A2}"
EndProject
Project("{2150E333-8FDC-42A3-9474-1A3956D46DE8}") = "5 - Common", "5 - Common", "{3D1B7534-CE7C-44DA-961A-7FF5480289CB}"
EndProject
Project("{9A19103F-16F7-4668-BE54-9A1E7A4F7556}") = "Waes.Assignment.Common", "Waes.Assignment.Common\Waes.Assignment.Common.csproj", "{936EB0A3-A416-483A-8756-03B424B40658}"
EndProject
Project("{9A19103F-16F7-4668-BE54-9A1E7A4F7556}") = "Waes.Assignment.Infra", "Waes.Assignment.Infra\Waes.Assignment.Infra.csproj", "{7CF8903D-E0DC-4280-A169-8EEE0A0B7F9F}"
EndProject
Project("{2150E333-8FDC-42A3-9474-1A3956D46DE8}") = "Solution Items", "Solution Items", "{A28EB28E-BD5B-4446-9BE9-E60F650AA902}"
	ProjectSection(SolutionItems) = preProject
		DependencyMap.dgml = DependencyMap.dgml
	EndProjectSection
EndProject
Global
	GlobalSection(SolutionConfigurationPlatforms) = preSolution
		Debug|Any CPU = Debug|Any CPU
		Release|Any CPU = Release|Any CPU
	EndGlobalSection
	GlobalSection(ProjectConfigurationPlatforms) = postSolution
		{6D4AF97F-06D0-45CC-AD4A-90936B34FAA5}.Debug|Any CPU.ActiveCfg = Debug|Any CPU
		{6D4AF97F-06D0-45CC-AD4A-90936B34FAA5}.Debug|Any CPU.Build.0 = Debug|Any CPU
		{6D4AF97F-06D0-45CC-AD4A-90936B34FAA5}.Release|Any CPU.ActiveCfg = Release|Any CPU
		{6D4AF97F-06D0-45CC-AD4A-90936B34FAA5}.Release|Any CPU.Build.0 = Release|Any CPU
		{4F4C5D6C-8899-4FF4-B268-E49CEB43F342}.Debug|Any CPU.ActiveCfg = Debug|Any CPU
		{4F4C5D6C-8899-4FF4-B268-E49CEB43F342}.Debug|Any CPU.Build.0 = Debug|Any CPU
		{4F4C5D6C-8899-4FF4-B268-E49CEB43F342}.Release|Any CPU.ActiveCfg = Release|Any CPU
		{4F4C5D6C-8899-4FF4-B268-E49CEB43F342}.Release|Any CPU.Build.0 = Release|Any CPU
		{FC8E179C-ED72-481C-A386-E624518C1D6A}.Debug|Any CPU.ActiveCfg = Debug|Any CPU
		{FC8E179C-ED72-481C-A386-E624518C1D6A}.Debug|Any CPU.Build.0 = Debug|Any CPU
		{FC8E179C-ED72-481C-A386-E624518C1D6A}.Release|Any CPU.ActiveCfg = Release|Any CPU
		{FC8E179C-ED72-481C-A386-E624518C1D6A}.Release|Any CPU.Build.0 = Release|Any CPU
		{3821491F-9C07-4ED2-88FE-C06CBED5F8E3}.Debug|Any CPU.ActiveCfg = Debug|Any CPU
		{3821491F-9C07-4ED2-88FE-C06CBED5F8E3}.Debug|Any CPU.Build.0 = Debug|Any CPU
		{3821491F-9C07-4ED2-88FE-C06CBED5F8E3}.Release|Any CPU.ActiveCfg = Release|Any CPU
		{3821491F-9C07-4ED2-88FE-C06CBED5F8E3}.Release|Any CPU.Build.0 = Release|Any CPU
		{51CEE777-B31A-4603-BA4E-FFA7DCD8E8A2}.Debug|Any CPU.ActiveCfg = Debug|Any CPU
		{51CEE777-B31A-4603-BA4E-FFA7DCD8E8A2}.Debug|Any CPU.Build.0 = Debug|Any CPU
		{51CEE777-B31A-4603-BA4E-FFA7DCD8E8A2}.Release|Any CPU.ActiveCfg = Release|Any CPU
		{51CEE777-B31A-4603-BA4E-FFA7DCD8E8A2}.Release|Any CPU.Build.0 = Release|Any CPU
		{936EB0A3-A416-483A-8756-03B424B40658}.Debug|Any CPU.ActiveCfg = Debug|Any CPU
		{936EB0A3-A416-483A-8756-03B424B40658}.Debug|Any CPU.Build.0 = Debug|Any CPU
		{936EB0A3-A416-483A-8756-03B424B40658}.Release|Any CPU.ActiveCfg = Release|Any CPU
		{936EB0A3-A416-483A-8756-03B424B40658}.Release|Any CPU.Build.0 = Release|Any CPU
		{7CF8903D-E0DC-4280-A169-8EEE0A0B7F9F}.Debug|Any CPU.ActiveCfg = Debug|Any CPU
		{7CF8903D-E0DC-4280-A169-8EEE0A0B7F9F}.Debug|Any CPU.Build.0 = Debug|Any CPU
		{7CF8903D-E0DC-4280-A169-8EEE0A0B7F9F}.Release|Any CPU.ActiveCfg = Release|Any CPU
		{7CF8903D-E0DC-4280-A169-8EEE0A0B7F9F}.Release|Any CPU.Build.0 = Release|Any CPU
	EndGlobalSection
	GlobalSection(SolutionProperties) = preSolution
		HideSolutionNode = FALSE
	EndGlobalSection
	GlobalSection(NestedProjects) = preSolution
		{6D4AF97F-06D0-45CC-AD4A-90936B34FAA5} = {17456211-1CC2-4A94-BA29-ED721FF1C0CC}
		{4F4C5D6C-8899-4FF4-B268-E49CEB43F342} = {1FF5CC0D-92F2-447F-9A5A-6B5F1E3C0779}
		{FC8E179C-ED72-481C-A386-E624518C1D6A} = {091BF8C8-E0EC-4F3E-9231-67B136D4942D}
		{3821491F-9C07-4ED2-88FE-C06CBED5F8E3} = {6AF8FDBD-D32D-4DBD-ABA4-E113AB2614ED}
		{51CEE777-B31A-4603-BA4E-FFA7DCD8E8A2} = {6AF8FDBD-D32D-4DBD-ABA4-E113AB2614ED}
		{936EB0A3-A416-483A-8756-03B424B40658} = {3D1B7534-CE7C-44DA-961A-7FF5480289CB}
		{7CF8903D-E0DC-4280-A169-8EEE0A0B7F9F} = {B01902B2-03E3-4D8B-8E8A-61B0F3066B72}
	EndGlobalSection
	GlobalSection(ExtensibilityGlobals) = postSolution
		SolutionGuid = {3AD6C4E6-F8BA-4239-8A68-128675653D68}
	EndGlobalSection
EndGlobal
